
Microsoft Visual Studio Solution File, Format Version 12.00
# Visual Studio 2012
Project("{FAE04EC0-301F-11D3-BF4B-00C04F79EFBC}") = "Убиј го кртот", "Убиј го кртот\Убиј го кртот.csproj", "{FB38D2DB-91EE-408F-89E3-A4D8F43CE1CC}"
EndProject
Global
	GlobalSection(SolutionConfigurationPlatforms) = preSolution
		Debug|Any CPU = Debug|Any CPU
		Release|Any CPU = Release|Any CPU
	EndGlobalSection
	GlobalSection(ProjectConfigurationPlatforms) = postSolution
		{FB38D2DB-91EE-408F-89E3-A4D8F43CE1CC}.Debug|Any CPU.ActiveCfg = Debug|Any CPU
		{FB38D2DB-91EE-408F-89E3-A4D8F43CE1CC}.Debug|Any CPU.Build.0 = Debug|Any CPU
		{FB38D2DB-91EE-408F-89E3-A4D8F43CE1CC}.Release|Any CPU.ActiveCfg = Release|Any CPU
		{FB38D2DB-91EE-408F-89E3-A4D8F43CE1CC}.Release|Any CPU.Build.0 = Release|Any CPU
	EndGlobalSection
	GlobalSection(SolutionProperties) = preSolution
		HideSolutionNode = FALSE
	EndGlobalSection
EndGlobal
